// !$*UTF8*$!
{
	archiveVersion = 1;
	classes = {
	};
	objectVersion = 46;
	objects = {

/* Begin PBXBuildFile section */
		18322F601D81C96700BB0A24 /* AppDelegate.swift in Sources */ = {isa = PBXBuildFile; fileRef = 18322F5F1D81C96700BB0A24 /* AppDelegate.swift */; };
		18322F621D81C96700BB0A24 /* ViewController.swift in Sources */ = {isa = PBXBuildFile; fileRef = 18322F611D81C96700BB0A24 /* ViewController.swift */; };
		18322F651D81C96700BB0A24 /* Main.storyboard in Resources */ = {isa = PBXBuildFile; fileRef = 18322F631D81C96700BB0A24 /* Main.storyboard */; };
		18322F671D81C96700BB0A24 /* Assets.xcassets in Resources */ = {isa = PBXBuildFile; fileRef = 18322F661D81C96700BB0A24 /* Assets.xcassets */; };
		18322F6A1D81C96700BB0A24 /* LaunchScreen.storyboard in Resources */ = {isa = PBXBuildFile; fileRef = 18322F681D81C96700BB0A24 /* LaunchScreen.storyboard */; };
/* End PBXBuildFile section */

/* Begin PBXFileReference section */
		18322F5C1D81C96700BB0A24 /* SuperStory.app */ = {isa = PBXFileReference; explicitFileType = wrapper.application; includeInIndex = 0; path = SuperStory.app; sourceTree = BUILT_PRODUCTS_DIR; };
		18322F5F1D81C96700BB0A24 /* AppDelegate.swift */ = {isa = PBXFileReference; lastKnownFileType = sourcecode.swift; path = AppDelegate.swift; sourceTree = "<group>"; };
		18322F611D81C96700BB0A24 /* ViewController.swift */ = {isa = PBXFileReference; lastKnownFileType = sourcecode.swift; path = ViewController.swift; sourceTree = "<group>"; };
		18322F641D81C96700BB0A24 /* Base */ = {isa = PBXFileReference; lastKnownFileType = file.storyboard; name = Base; path = Base.lproj/Main.storyboard; sourceTree = "<group>"; };
		18322F661D81C96700BB0A24 /* Assets.xcassets */ = {isa = PBXFileReference; lastKnownFileType = folder.assetcatalog; path = Assets.xcassets; sourceTree = "<group>"; };
		18322F691D81C96700BB0A24 /* Base */ = {isa = PBXFileReference; lastKnownFileType = file.storyboard; name = Base; path = Base.lproj/LaunchScreen.storyboard; sourceTree = "<group>"; };
		18322F6B1D81C96700BB0A24 /* Info.plist */ = {isa = PBXFileReference; lastKnownFileType = text.plist.xml; path = Info.plist; sourceTree = "<group>"; };
/* End PBXFileReference section */

/* Begin PBXFrameworksBuildPhase section */
		18322F591D81C96700BB0A24 /* Frameworks */ = {
			isa = PBXFrameworksBuildPhase;
			buildActionMask = 2147483647;
			files = (
			);
			runOnlyForDeploymentPostprocessing = 0;
		};
/* End PBXFrameworksBuildPhase section */

/* Begin PBXGroup section */
		18322F531D81C96700BB0A24 = {
			isa = PBXGroup;
			children = (
				18322F5E1D81C96700BB0A24 /* SuperStory */,
				18322F5D1D81C96700BB0A24 /* Products */,
			);
			sourceTree = "<group>";
		};
		18322F5D1D81C96700BB0A24 /* Products */ = {
			isa = PBXGroup;
			children = (
				18322F5C1D81C96700BB0A24 /* SuperStory.app */,
			);
			name = Products;
			sourceTree = "<group>";
		};
		18322F5E1D81C96700BB0A24 /* SuperStory */ = {
			isa = PBXGroup;
			children = (
				18322F5F1D81C96700BB0A24 /* AppDelegate.swift */,
				18322F611D81C96700BB0A24 /* ViewController.swift */,
				18322F631D81C96700BB0A24 /* Main.storyboard */,
				18322F661D81C96700BB0A24 /* Assets.xcassets */,
				18322F681D81C96700BB0A24 /* LaunchScreen.storyboard */,
				18322F6B1D81C96700BB0A24 /* Info.plist */,
			);
			path = SuperStory;
			sourceTree = "<group>";
		};
/* End PBXGroup section */

/* Begin PBXNativeTarget section */
		18322F5B1D81C96700BB0A24 /* SuperStory */ = {
			isa = PBXNativeTarget;
			buildConfigurationList = 18322F6E1D81C96700BB0A24 /* Build configuration list for PBXNativeTarget "SuperStory" */;
			buildPhases = (
				18322F581D81C96700BB0A24 /* Sources */,
				18322F591D81C96700BB0A24 /* Frameworks */,
				18322F5A1D81C96700BB0A24 /* Resources */,
			);
			buildRules = (
			);
			dependencies = (
			);
			name = SuperStory;
			productName = SuperStory;
			productReference = 18322F5C1D81C96700BB0A24 /* SuperStory.app */;
			productType = "com.apple.product-type.application";
		};
/* End PBXNativeTarget section */

/* Begin PBXProject section */
		18322F541D81C96700BB0A24 /* Project object */ = {
			isa = PBXProject;
			attributes = {
				LastSwiftUpdateCheck = 0730;
				LastUpgradeCheck = 0730;
				ORGANIZATIONNAME = "Faraz Fazli";
				TargetAttributes = {
					18322F5B1D81C96700BB0A24 = {
						CreatedOnToolsVersion = 7.3.1;
					};
				};
			};
			buildConfigurationList = 18322F571D81C96700BB0A24 /* Build configuration list for PBXProject "SuperStory" */;
			compatibilityVersion = "Xcode 3.2";
			developmentRegion = English;
			hasScannedForEncodings = 0;
			knownRegions = (
				en,
				Base,
			);
			mainGroup = 18322F531D81C96700BB0A24;
			productRefGroup = 18322F5D1D81C96700BB0A24 /* Products */;
			projectDirPath = "";
			projectRoot = "";
			targets = (
				18322F5B1D81C96700BB0A24 /* SuperStory */,
			);
		};
/* End PBXProject section */

/* Begin PBXResourcesBuildPhase section */
		18322F5A1D81C96700BB0A24 /* Resources */ = {
			isa = PBXResourcesBuildPhase;
			buildActionMask = 2147483647;
			files = (
				18322F6A1D81C96700BB0A24 /* LaunchScreen.storyboard in Resources */,
				18322F671D81C96700BB0A24 /* Assets.xcassets in Resources */,
				18322F651D81C96700BB0A24 /* Main.storyboard in Resources */,
			);
			runOnlyForDeploymentPostprocessing = 0;
		};
/* End PBXResourcesBuildPhase section */

/* Begin PBXSourcesBuildPhase section */
		18322F581D81C96700BB0A24 /* Sources */ = {
			isa = PBXSourcesBuildPhase;
			buildActionMask = 2147483647;
			files = (
				18322F621D81C96700BB0A24 /* ViewController.swift in Sources */,
				18322F601D81C96700BB0A24 /* AppDelegate.swift in Sources */,
			);
			runOnlyForDeploymentPostprocessing = 0;
		};
/* End PBXSourcesBuildPhase section */

/* Begin PBXVariantGroup section */
		18322F631D81C96700BB0A24 /* Main.storyboard */ = {
			isa = PBXVariantGroup;
			children = (
				18322F641D81C96700BB0A24 /* Base */,
			);
			name = Main.storyboard;
			sourceTree = "<group>";
		};
		18322F681D81C96700BB0A24 /* LaunchScreen.storyboard */ = {
			isa = PBXVariantGroup;
			children = (
				18322F691D81C96700BB0A24 /* Base */,
			);
			name = LaunchScreen.storyboard;
			sourceTree = "<group>";
		};
/* End PBXVariantGroup section */

/* Begin XCBuildConfiguration section */
		18322F6C1D81C96700BB0A24 /* Debug */ = {
			isa = XCBuildConfiguration;
			buildSettings = {
				ALWAYS_SEARCH_USER_PATHS = NO;
				CLANG_ANALYZER_NONNULL = YES;
				CLANG_CXX_LANGUAGE_STANDARD = "gnu++0x";
				CLANG_CXX_LIBRARY = "libc++";
				CLANG_ENABLE_MODULES = YES;
				CLANG_ENABLE_OBJC_ARC = YES;
				CLANG_WARN_BOOL_CONVERSION = YES;
				CLANG_WARN_CONSTANT_CONVERSION = YES;
				CLANG_WARN_DIRECT_OBJC_ISA_USAGE = YES_ERROR;
				CLANG_WARN_EMPTY_BODY = YES;
				CLANG_WARN_ENUM_CONVERSION = YES;
				CLANG_WARN_INT_CONVERSION = YES;
				CLANG_WARN_OBJC_ROOT_CLASS = YES_ERROR;
				CLANG_WARN_UNREACHABLE_CODE = YES;
				CLANG_WARN__DUPLICATE_METHOD_MATCH = YES;
				"CODE_SIGN_IDENTITY[sdk=iphoneos*]" = "iPhone Developer";
				COPY_PHASE_STRIP = NO;
				DEBUG_INFORMATION_FORMAT = dwarf;
				ENABLE_STRICT_OBJC_MSGSEND = YES;
				ENABLE_TESTABILITY = YES;
				GCC_C_LANGUAGE_STANDARD = gnu99;
				GCC_DYNAMIC_NO_PIC = NO;
				GCC_NO_COMMON_BLOCKS = YES;
				GCC_OPTIMIZATION_LEVEL = 0;
				GCC_PREPROCESSOR_DEFINITIONS = (
					"DEBUG=1",
					"$(inherited)",
				);
				GCC_WARN_64_TO_32_BIT_CONVERSION = YES;
				GCC_WARN_ABOUT_RETURN_TYPE = YES_ERROR;
				GCC_WARN_UNDECLARED_SELECTOR = YES;
				GCC_WARN_UNINITIALIZED_AUTOS = YES_AGGRESSIVE;
				GCC_WARN_UNUSED_FUNCTION = YES;
				GCC_WARN_UNUSED_VARIABLE = YES;
				IPHONEOS_DEPLOYMENT_TARGET = 9.3;
				MTL_ENABLE_DEBUG_INFO = YES;
				ONLY_ACTIVE_ARCH = YES;
				SDKROOT = iphoneos;
				SWIFT_OPTIMIZATION_LEVEL = "-Onone";
			};
			name = Debug;
		};
		18322F6D1D81C96700BB0A24 /* Release */ = {
			isa = XCBuildConfiguration;
			buildSettings = {
				ALWAYS_SEARCH_USER_PATHS = NO;
				CLANG_ANALYZER_NONNULL = YES;
				CLANG_CXX_LANGUAGE_STANDARD = "gnu++0x";
				CLANG_CXX_LIBRARY = "libc++";
				CLANG_ENABLE_MODULES = YES;
				CLANG_ENABLE_OBJC_ARC = YES;
				CLANG_WARN_BOOL_CONVERSION = YES;
				CLANG_WARN_CONSTANT_CONVERSION = YES;
				CLANG_WARN_DIRECT_OBJC_ISA_USAGE = YES_ERROR;
				CLANG_WARN_EMPTY_BODY = YES;
				CLANG_WARN_ENUM_CONVERSION = YES;
				CLANG_WARN_INT_CONVERSION = YES;
				CLANG_WARN_OBJC_ROOT_CLASS = YES_ERROR;
				CLANG_WARN_UNREACHABLE_CODE = YES;
				CLANG_WARN__DUPLICATE_METHOD_MATCH = YES;
				"CODE_SIGN_IDENTITY[sdk=iphoneos*]" = "iPhone Developer";
				COPY_PHASE_STRIP = NO;
				DEBUG_INFORMATION_FORMAT = "dwarf-with-dsym";
				ENABLE_NS_ASSERTIONS = NO;
				ENABLE_STRICT_OBJC_MSGSEND = YES;
				GCC_C_LANGUAGE_STANDARD = gnu99;
				GCC_NO_COMMON_BLOCKS = YES;
				GCC_WARN_64_TO_32_BIT_CONVERSION = YES;
				GCC_WARN_ABOUT_RETURN_TYPE = YES_ERROR;
				GCC_WARN_UNDECLARED_SELECTOR = YES;
				GCC_WARN_UNINITIALIZED_AUTOS = YES_AGGRESSIVE;
				GCC_WARN_UNUSED_FUNCTION = YES;
				GCC_WARN_UNUSED_VARIABLE = YES;
				IPHONEOS_DEPLOYMENT_TARGET = 9.3;
				MTL_ENABLE_DEBUG_INFO = NO;
				SDKROOT = iphoneos;
				VALIDATE_PRODUCT = YES;
			};
			name = Release;
		};
		18322F6F1D81C96700BB0A24 /* Debug */ = {
			isa = XCBuildConfiguration;
			buildSettings = {
				ASSETCATALOG_COMPILER_APPICON_NAME = AppIcon;
				INFOPLIST_FILE = SuperStory/Info.plist;
				LD_RUNPATH_SEARCH_PATHS = "$(inherited) @executable_path/Frameworks";
				PRODUCT_BUNDLE_IDENTIFIER = com.farazfazli.SuperStory;
				PRODUCT_NAME = "$(TARGET_NAME)";
			};
			name = Debug;
		};
		18322F701D81C96700BB0A24 /* Release */ = {
			isa = XCBuildConfiguration;
			buildSettings = {
				ASSETCATALOG_COMPILER_APPICON_NAME = AppIcon;
				INFOPLIST_FILE = SuperStory/Info.plist;
				LD_RUNPATH_SEARCH_PATHS = "$(inherited) @executable_path/Frameworks";
				PRODUCT_BUNDLE_IDENTIFIER = com.farazfazli.SuperStory;
				PRODUCT_NAME = "$(TARGET_NAME)";
			};
			name = Release;
		};
/* End XCBuildConfiguration section */

/* Begin XCConfigurationList section */
		18322F571D81C96700BB0A24 /* Build configuration list for PBXProject "SuperStory" */ = {
			isa = XCConfigurationList;
			buildConfigurations = (
				18322F6C1D81C96700BB0A24 /* Debug */,
				18322F6D1D81C96700BB0A24 /* Release */,
			);
			defaultConfigurationIsVisible = 0;
			defaultConfigurationName = Release;
		};
		18322F6E1D81C96700BB0A24 /* Build configuration list for PBXNativeTarget "SuperStory" */ = {
			isa = XCConfigurationList;
			buildConfigurations = (
				18322F6F1D81C96700BB0A24 /* Debug */,
				18322F701D81C96700BB0A24 /* Release */,
			);
			defaultConfigurationIsVisible = 0;
		};
/* End XCConfigurationList section */
	};
	rootObject = 18322F541D81C96700BB0A24 /* Project object */;
}
